
Microsoft Visual Studio Solution File, Format Version 12.00
# Visual Studio Version 17
VisualStudioVersion = 17.4.33205.214
MinimumVisualStudioVersion = 10.0.40219.1
Project("{FAE04EC0-301F-11D3-BF4B-00C04F79EFBC}") = "Native Piff Tools", "Native Piff Tools.csproj", "{32201D7F-DCC5-4E75-9A38-423B8E363794}"
EndProject
Project("{54435603-DBB4-11D2-8724-00A0C9A8B90C}") = "NPT", "..\NPT\NPT.vdproj", "{34DF2E96-2471-44C3-ABE4-073BCAF6BEFC}"
EndProject
Global
	GlobalSection(SolutionConfigurationPlatforms) = preSolution
		Debug|Any CPU = Debug|Any CPU
		Debug|x86 = Debug|x86
		Release|Any CPU = Release|Any CPU
		Release|x86 = Release|x86
	EndGlobalSection
	GlobalSection(ProjectConfigurationPlatforms) = postSolution
		{32201D7F-DCC5-4E75-9A38-423B8E363794}.Debug|Any CPU.ActiveCfg = Debug|Any CPU
		{32201D7F-DCC5-4E75-9A38-423B8E363794}.Debug|Any CPU.Build.0 = Debug|Any CPU
		{32201D7F-DCC5-4E75-9A38-423B8E363794}.Debug|x86.ActiveCfg = Debug|x86
		{32201D7F-DCC5-4E75-9A38-423B8E363794}.Debug|x86.Build.0 = Debug|x86
		{32201D7F-DCC5-4E75-9A38-423B8E363794}.Release|Any CPU.ActiveCfg = Release|Any CPU
		{32201D7F-DCC5-4E75-9A38-423B8E363794}.Release|Any CPU.Build.0 = Release|Any CPU
		{32201D7F-DCC5-4E75-9A38-423B8E363794}.Release|x86.ActiveCfg = Debug|Any CPU
		{32201D7F-DCC5-4E75-9A38-423B8E363794}.Release|x86.Build.0 = Debug|Any CPU
		{34DF2E96-2471-44C3-ABE4-073BCAF6BEFC}.Debug|Any CPU.ActiveCfg = Debug
		{34DF2E96-2471-44C3-ABE4-073BCAF6BEFC}.Debug|x86.ActiveCfg = Debug
		{34DF2E96-2471-44C3-ABE4-073BCAF6BEFC}.Release|Any CPU.ActiveCfg = Release
		{34DF2E96-2471-44C3-ABE4-073BCAF6BEFC}.Release|x86.ActiveCfg = Release
	EndGlobalSection
	GlobalSection(SolutionProperties) = preSolution
		HideSolutionNode = FALSE
	EndGlobalSection
	GlobalSection(ExtensibilityGlobals) = postSolution
		SolutionGuid = {512FF6A8-C92D-48BA-8528-74BC5613F3AD}
	EndGlobalSection
EndGlobal
